
Microsoft Visual Studio Solution File, Format Version 12.00
# Visual Studio Version 16
VisualStudioVersion = 16.0.31515.178
MinimumVisualStudioVersion = 10.0.40219.1
Project("{FAE04EC0-301F-11D3-BF4B-00C04F79EFBC}") = "Creacion_de_formularios_1", "Creacion_de_formularios_1.csproj", "{8A4CE25F-D405-4E2D-AE9E-B9B4D9258BAE}"
EndProject
Global
	GlobalSection(SolutionConfigurationPlatforms) = preSolution
		Debug|Any CPU = Debug|Any CPU
		Release|Any CPU = Release|Any CPU
	EndGlobalSection
	GlobalSection(ProjectConfigurationPlatforms) = postSolution
		{8A4CE25F-D405-4E2D-AE9E-B9B4D9258BAE}.Debug|Any CPU.ActiveCfg = Debug|Any CPU
		{8A4CE25F-D405-4E2D-AE9E-B9B4D9258BAE}.Debug|Any CPU.Build.0 = Debug|Any CPU
		{8A4CE25F-D405-4E2D-AE9E-B9B4D9258BAE}.Release|Any CPU.ActiveCfg = Release|Any CPU
		{8A4CE25F-D405-4E2D-AE9E-B9B4D9258BAE}.Release|Any CPU.Build.0 = Release|Any CPU
	EndGlobalSection
	GlobalSection(SolutionProperties) = preSolution
		HideSolutionNode = FALSE
	EndGlobalSection
	GlobalSection(ExtensibilityGlobals) = postSolution
		SolutionGuid = {E3B5A4D8-CAD0-418D-9560-FC2429E9CB82}
	EndGlobalSection
EndGlobal
